
Microsoft Visual Studio Solution File, Format Version 12.00
# Visual Studio Version 17
VisualStudioVersion = 17.4.33213.308
MinimumVisualStudioVersion = 10.0.40219.1
Project("{FAE04EC0-301F-11D3-BF4B-00C04F79EFBC}") = "kWeakestRows", "kWeakestRows\kWeakestRows.csproj", "{19812D16-939F-4139-B9B0-D19D3BCA8635}"
EndProject
Global
	GlobalSection(SolutionConfigurationPlatforms) = preSolution
		Debug|Any CPU = Debug|Any CPU
		Release|Any CPU = Release|Any CPU
	EndGlobalSection
	GlobalSection(ProjectConfigurationPlatforms) = postSolution
		{19812D16-939F-4139-B9B0-D19D3BCA8635}.Debug|Any CPU.ActiveCfg = Debug|Any CPU
		{19812D16-939F-4139-B9B0-D19D3BCA8635}.Debug|Any CPU.Build.0 = Debug|Any CPU
		{19812D16-939F-4139-B9B0-D19D3BCA8635}.Release|Any CPU.ActiveCfg = Release|Any CPU
		{19812D16-939F-4139-B9B0-D19D3BCA8635}.Release|Any CPU.Build.0 = Release|Any CPU
	EndGlobalSection
	GlobalSection(SolutionProperties) = preSolution
		HideSolutionNode = FALSE
	EndGlobalSection
	GlobalSection(ExtensibilityGlobals) = postSolution
		SolutionGuid = {9D0DAF1D-AF31-40AC-B655-7B7E69960A7F}
	EndGlobalSection
EndGlobal
